
Microsoft Visual Studio Solution File, Format Version 12.00
# Visual Studio 15
VisualStudioVersion = 15.0.28307.645
MinimumVisualStudioVersion = 10.0.40219.1
Project("{FAE04EC0-301F-11D3-BF4B-00C04F79EFBC}") = "Animals", "Animals\Animals.csproj", "{93AF3C6E-FCDE-4DE6-8441-32FB744DA67F}"
EndProject
Global
	GlobalSection(SolutionConfigurationPlatforms) = preSolution
		Debug|Any CPU = Debug|Any CPU
		Release|Any CPU = Release|Any CPU
	EndGlobalSection
	GlobalSection(ProjectConfigurationPlatforms) = postSolution
		{93AF3C6E-FCDE-4DE6-8441-32FB744DA67F}.Debug|Any CPU.ActiveCfg = Debug|Any CPU
		{93AF3C6E-FCDE-4DE6-8441-32FB744DA67F}.Debug|Any CPU.Build.0 = Debug|Any CPU
		{93AF3C6E-FCDE-4DE6-8441-32FB744DA67F}.Release|Any CPU.ActiveCfg = Release|Any CPU
		{93AF3C6E-FCDE-4DE6-8441-32FB744DA67F}.Release|Any CPU.Build.0 = Release|Any CPU
	EndGlobalSection
	GlobalSection(SolutionProperties) = preSolution
		HideSolutionNode = FALSE
	EndGlobalSection
	GlobalSection(ExtensibilityGlobals) = postSolution
		SolutionGuid = {0F8B98AD-FB3E-4230-9267-592934C66FEC}
	EndGlobalSection
EndGlobal
